
Microsoft Visual Studio Solution File, Format Version 12.00
# Visual Studio Version 17
VisualStudioVersion = 17.4.33103.184
MinimumVisualStudioVersion = 10.0.40219.1
Project("{FAE04EC0-301F-11D3-BF4B-00C04F79EFBC}") = "AppExemploEventos", "AppExemploEventos\AppExemploEventos.csproj", "{3599F4B9-6731-4AE5-8A36-C213EC1BD035}"
EndProject
Global
	GlobalSection(SolutionConfigurationPlatforms) = preSolution
		Debug|Any CPU = Debug|Any CPU
		Release|Any CPU = Release|Any CPU
	EndGlobalSection
	GlobalSection(ProjectConfigurationPlatforms) = postSolution
		{3599F4B9-6731-4AE5-8A36-C213EC1BD035}.Debug|Any CPU.ActiveCfg = Debug|Any CPU
		{3599F4B9-6731-4AE5-8A36-C213EC1BD035}.Debug|Any CPU.Build.0 = Debug|Any CPU
		{3599F4B9-6731-4AE5-8A36-C213EC1BD035}.Release|Any CPU.ActiveCfg = Release|Any CPU
		{3599F4B9-6731-4AE5-8A36-C213EC1BD035}.Release|Any CPU.Build.0 = Release|Any CPU
	EndGlobalSection
	GlobalSection(SolutionProperties) = preSolution
		HideSolutionNode = FALSE
	EndGlobalSection
	GlobalSection(ExtensibilityGlobals) = postSolution
		SolutionGuid = {D7CF35B6-FA26-4119-97B1-223A9E35D28F}
	EndGlobalSection
EndGlobal
